
Microsoft Visual Studio Solution File, Format Version 12.00
# Visual Studio Version 17
VisualStudioVersion = 17.4.33205.214
MinimumVisualStudioVersion = 10.0.40219.1
Project("{9A19103F-16F7-4668-BE54-9A1E7A4F7556}") = "KeyboardUtilities", "KeyboardUtilities\KeyboardUtilities.csproj", "{28D5759E-C494-4B17-A8A7-4E1DEA14FE9E}"
EndProject
Project("{2150E333-8FDC-42A3-9474-1A3956D46DE8}") = "Solution Items", "Solution Items", "{96D4E58A-2E5E-4D96-8616-57DCDAACED40}"
	ProjectSection(SolutionItems) = preProject
		.gitignore = .gitignore
		LICENSE = LICENSE
		README.md = README.md
	EndProjectSection
EndProject
Global
	GlobalSection(SolutionConfigurationPlatforms) = preSolution
		Debug|Any CPU = Debug|Any CPU
		Release|Any CPU = Release|Any CPU
	EndGlobalSection
	GlobalSection(ProjectConfigurationPlatforms) = postSolution
		{28D5759E-C494-4B17-A8A7-4E1DEA14FE9E}.Debug|Any CPU.ActiveCfg = Debug|Any CPU
		{28D5759E-C494-4B17-A8A7-4E1DEA14FE9E}.Debug|Any CPU.Build.0 = Debug|Any CPU
		{28D5759E-C494-4B17-A8A7-4E1DEA14FE9E}.Release|Any CPU.ActiveCfg = Release|Any CPU
		{28D5759E-C494-4B17-A8A7-4E1DEA14FE9E}.Release|Any CPU.Build.0 = Release|Any CPU
	EndGlobalSection
	GlobalSection(SolutionProperties) = preSolution
		HideSolutionNode = FALSE
	EndGlobalSection
	GlobalSection(ExtensibilityGlobals) = postSolution
		SolutionGuid = {BB37EFC1-A9A6-488D-991F-2E2C0F210A2C}
	EndGlobalSection
EndGlobal
